
Microsoft Visual Studio Solution File, Format Version 12.00
# Visual Studio Version 16
VisualStudioVersion = 16.0.29326.143
MinimumVisualStudioVersion = 10.0.40219.1
Project("{FAE04EC0-301F-11D3-BF4B-00C04F79EFBC}") = "MobilBankApp.WebApi", "MobilBankApp.WebApi\MobilBankApp.WebApi.csproj", "{75D471FC-4275-4460-B217-E054157AC778}"
EndProject
Project("{FAE04EC0-301F-11D3-BF4B-00C04F79EFBC}") = "MobilBankApp.DAL", "MobilBankApp.DAL\MobilBankApp.DAL.csproj", "{F4B59ECE-EB53-41DC-B953-4D5DDE0606A3}"
EndProject
Global
	GlobalSection(SolutionConfigurationPlatforms) = preSolution
		Debug|Any CPU = Debug|Any CPU
		Release|Any CPU = Release|Any CPU
	EndGlobalSection
	GlobalSection(ProjectConfigurationPlatforms) = postSolution
		{75D471FC-4275-4460-B217-E054157AC778}.Debug|Any CPU.ActiveCfg = Debug|Any CPU
		{75D471FC-4275-4460-B217-E054157AC778}.Debug|Any CPU.Build.0 = Debug|Any CPU
		{75D471FC-4275-4460-B217-E054157AC778}.Release|Any CPU.ActiveCfg = Release|Any CPU
		{75D471FC-4275-4460-B217-E054157AC778}.Release|Any CPU.Build.0 = Release|Any CPU
		{F4B59ECE-EB53-41DC-B953-4D5DDE0606A3}.Debug|Any CPU.ActiveCfg = Debug|Any CPU
		{F4B59ECE-EB53-41DC-B953-4D5DDE0606A3}.Debug|Any CPU.Build.0 = Debug|Any CPU
		{F4B59ECE-EB53-41DC-B953-4D5DDE0606A3}.Release|Any CPU.ActiveCfg = Release|Any CPU
		{F4B59ECE-EB53-41DC-B953-4D5DDE0606A3}.Release|Any CPU.Build.0 = Release|Any CPU
	EndGlobalSection
	GlobalSection(SolutionProperties) = preSolution
		HideSolutionNode = FALSE
	EndGlobalSection
	GlobalSection(ExtensibilityGlobals) = postSolution
		SolutionGuid = {489F3697-ECB0-412A-AC4D-D82B1B563757}
	EndGlobalSection
EndGlobal
